// !$*UTF8*$!
{
	archiveVersion = 1;
	classes = {
	};
	objectVersion = 55;
	objects = {

/* Begin PBXBuildFile section */
		1265AB0927E443AB00E933CA /* AppDelegate.swift in Sources */ = {isa = PBXBuildFile; fileRef = 1265AB0827E443AB00E933CA /* AppDelegate.swift */; };
		1265AB0B27E443AB00E933CA /* SceneDelegate.swift in Sources */ = {isa = PBXBuildFile; fileRef = 1265AB0A27E443AB00E933CA /* SceneDelegate.swift */; };
		1265AB0D27E443AB00E933CA /* ImageSearchViewController.swift in Sources */ = {isa = PBXBuildFile; fileRef = 1265AB0C27E443AB00E933CA /* ImageSearchViewController.swift */; };
		1265AB1227E443AC00E933CA /* Assets.xcassets in Resources */ = {isa = PBXBuildFile; fileRef = 1265AB1127E443AC00E933CA /* Assets.xcassets */; };
		1265AB1527E443AC00E933CA /* LaunchScreen.storyboard in Resources */ = {isa = PBXBuildFile; fileRef = 1265AB1327E443AC00E933CA /* LaunchScreen.storyboard */; };
		1265AB2027E443AC00E933CA /* Brandi_AssignmentTests.swift in Sources */ = {isa = PBXBuildFile; fileRef = 1265AB1F27E443AC00E933CA /* Brandi_AssignmentTests.swift */; };
		1265AB2A27E443AC00E933CA /* Brandi_AssignmentUITests.swift in Sources */ = {isa = PBXBuildFile; fileRef = 1265AB2927E443AC00E933CA /* Brandi_AssignmentUITests.swift */; };
		1265AB2C27E443AC00E933CA /* Brandi_AssignmentUITestsLaunchTests.swift in Sources */ = {isa = PBXBuildFile; fileRef = 1265AB2B27E443AC00E933CA /* Brandi_AssignmentUITestsLaunchTests.swift */; };
		1265AB3A27E443EB00E933CA /* ReactorKit in Frameworks */ = {isa = PBXBuildFile; productRef = 1265AB3927E443EB00E933CA /* ReactorKit */; };
		1265AB3D27E443FA00E933CA /* SnapKit in Frameworks */ = {isa = PBXBuildFile; productRef = 1265AB3C27E443FA00E933CA /* SnapKit */; };
		1265AB4027E4441800E933CA /* RxCocoa in Frameworks */ = {isa = PBXBuildFile; productRef = 1265AB3F27E4441800E933CA /* RxCocoa */; };
		1265AB4227E4441800E933CA /* RxSwift in Frameworks */ = {isa = PBXBuildFile; productRef = 1265AB4127E4441800E933CA /* RxSwift */; };
		1265AB4927E4670500E933CA /* ImageVIewCell.swift in Sources */ = {isa = PBXBuildFile; fileRef = 1265AB4827E4670500E933CA /* ImageVIewCell.swift */; };
		1265AB4C27E471C400E933CA /* Constants.swift in Sources */ = {isa = PBXBuildFile; fileRef = 1265AB4B27E471C400E933CA /* Constants.swift */; };
		1265AB5027E4726700E933CA /* KakaoAPI.swift in Sources */ = {isa = PBXBuildFile; fileRef = 1265AB4F27E4726700E933CA /* KakaoAPI.swift */; };
		1265AB5227E4727500E933CA /* EndPoint.swift in Sources */ = {isa = PBXBuildFile; fileRef = 1265AB5127E4727500E933CA /* EndPoint.swift */; };
		1265AB5527E4742C00E933CA /* RxAlamofire in Frameworks */ = {isa = PBXBuildFile; productRef = 1265AB5427E4742C00E933CA /* RxAlamofire */; };
		1265AB5827E4780600E933CA /* Alamofire in Frameworks */ = {isa = PBXBuildFile; productRef = 1265AB5727E4780600E933CA /* Alamofire */; };
		1265AB5A27E47E4F00E933CA /* MainView.swift in Sources */ = {isa = PBXBuildFile; fileRef = 1265AB5927E47E4F00E933CA /* MainView.swift */; };
		1265AB5C27E47F1800E933CA /* SearchImageViewModel.swift in Sources */ = {isa = PBXBuildFile; fileRef = 1265AB5B27E47F1800E933CA /* SearchImageViewModel.swift */; };
/* End PBXBuildFile section */

/* Begin PBXContainerItemProxy section */
		1265AB1C27E443AC00E933CA /* PBXContainerItemProxy */ = {
			isa = PBXContainerItemProxy;
			containerPortal = 1265AAFD27E443AB00E933CA /* Project object */;
			proxyType = 1;
			remoteGlobalIDString = 1265AB0427E443AB00E933CA;
			remoteInfo = Brandi_Assignment;
		};
		1265AB2627E443AC00E933CA /* PBXContainerItemProxy */ = {
			isa = PBXContainerItemProxy;
			containerPortal = 1265AAFD27E443AB00E933CA /* Project object */;
			proxyType = 1;
			remoteGlobalIDString = 1265AB0427E443AB00E933CA;
			remoteInfo = Brandi_Assignment;
		};
/* End PBXContainerItemProxy section */

/* Begin PBXFileReference section */
		1265AB0527E443AB00E933CA /* Brandi_Assignment.app */ = {isa = PBXFileReference; explicitFileType = wrapper.application; includeInIndex = 0; path = Brandi_Assignment.app; sourceTree = BUILT_PRODUCTS_DIR; };
		1265AB0827E443AB00E933CA /* AppDelegate.swift */ = {isa = PBXFileReference; lastKnownFileType = sourcecode.swift; path = AppDelegate.swift; sourceTree = "<group>"; };
		1265AB0A27E443AB00E933CA /* SceneDelegate.swift */ = {isa = PBXFileReference; lastKnownFileType = sourcecode.swift; path = SceneDelegate.swift; sourceTree = "<group>"; };
		1265AB0C27E443AB00E933CA /* ImageSearchViewController.swift */ = {isa = PBXFileReference; lastKnownFileType = sourcecode.swift; path = ImageSearchViewController.swift; sourceTree = "<group>"; };
		1265AB1127E443AC00E933CA /* Assets.xcassets */ = {isa = PBXFileReference; lastKnownFileType = folder.assetcatalog; path = Assets.xcassets; sourceTree = "<group>"; };
		1265AB1427E443AC00E933CA /* Base */ = {isa = PBXFileReference; lastKnownFileType = file.storyboard; name = Base; path = Base.lproj/LaunchScreen.storyboard; sourceTree = "<group>"; };
		1265AB1627E443AC00E933CA /* Info.plist */ = {isa = PBXFileReference; lastKnownFileType = text.plist.xml; path = Info.plist; sourceTree = "<group>"; };
		1265AB1B27E443AC00E933CA /* Brandi_AssignmentTests.xctest */ = {isa = PBXFileReference; explicitFileType = wrapper.cfbundle; includeInIndex = 0; path = Brandi_AssignmentTests.xctest; sourceTree = BUILT_PRODUCTS_DIR; };
		1265AB1F27E443AC00E933CA /* Brandi_AssignmentTests.swift */ = {isa = PBXFileReference; lastKnownFileType = sourcecode.swift; path = Brandi_AssignmentTests.swift; sourceTree = "<group>"; };
		1265AB2527E443AC00E933CA /* Brandi_AssignmentUITests.xctest */ = {isa = PBXFileReference; explicitFileType = wrapper.cfbundle; includeInIndex = 0; path = Brandi_AssignmentUITests.xctest; sourceTree = BUILT_PRODUCTS_DIR; };
		1265AB2927E443AC00E933CA /* Brandi_AssignmentUITests.swift */ = {isa = PBXFileReference; lastKnownFileType = sourcecode.swift; path = Brandi_AssignmentUITests.swift; sourceTree = "<group>"; };
		1265AB2B27E443AC00E933CA /* Brandi_AssignmentUITestsLaunchTests.swift */ = {isa = PBXFileReference; lastKnownFileType = sourcecode.swift; path = Brandi_AssignmentUITestsLaunchTests.swift; sourceTree = "<group>"; };
		1265AB4827E4670500E933CA /* ImageVIewCell.swift */ = {isa = PBXFileReference; lastKnownFileType = sourcecode.swift; path = ImageVIewCell.swift; sourceTree = "<group>"; };
		1265AB4B27E471C400E933CA /* Constants.swift */ = {isa = PBXFileReference; lastKnownFileType = sourcecode.swift; path = Constants.swift; sourceTree = "<group>"; };
		1265AB4F27E4726700E933CA /* KakaoAPI.swift */ = {isa = PBXFileReference; lastKnownFileType = sourcecode.swift; path = KakaoAPI.swift; sourceTree = "<group>"; };
		1265AB5127E4727500E933CA /* EndPoint.swift */ = {isa = PBXFileReference; lastKnownFileType = sourcecode.swift; path = EndPoint.swift; sourceTree = "<group>"; };
		1265AB5927E47E4F00E933CA /* MainView.swift */ = {isa = PBXFileReference; lastKnownFileType = sourcecode.swift; path = MainView.swift; sourceTree = "<group>"; };
		1265AB5B27E47F1800E933CA /* SearchImageViewModel.swift */ = {isa = PBXFileReference; lastKnownFileType = sourcecode.swift; path = SearchImageViewModel.swift; sourceTree = "<group>"; };
/* End PBXFileReference section */

/* Begin PBXFrameworksBuildPhase section */
		1265AB0227E443AB00E933CA /* Frameworks */ = {
			isa = PBXFrameworksBuildPhase;
			buildActionMask = 2147483647;
			files = (
				1265AB4027E4441800E933CA /* RxCocoa in Frameworks */,
				1265AB3A27E443EB00E933CA /* ReactorKit in Frameworks */,
				1265AB4227E4441800E933CA /* RxSwift in Frameworks */,
				1265AB5827E4780600E933CA /* Alamofire in Frameworks */,
				1265AB5527E4742C00E933CA /* RxAlamofire in Frameworks */,
				1265AB3D27E443FA00E933CA /* SnapKit in Frameworks */,
			);
			runOnlyForDeploymentPostprocessing = 0;
		};
		1265AB1827E443AC00E933CA /* Frameworks */ = {
			isa = PBXFrameworksBuildPhase;
			buildActionMask = 2147483647;
			files = (
			);
			runOnlyForDeploymentPostprocessing = 0;
		};
		1265AB2227E443AC00E933CA /* Frameworks */ = {
			isa = PBXFrameworksBuildPhase;
			buildActionMask = 2147483647;
			files = (
			);
			runOnlyForDeploymentPostprocessing = 0;
		};
/* End PBXFrameworksBuildPhase section */

/* Begin PBXGroup section */
		1265AAFC27E443AB00E933CA = {
			isa = PBXGroup;
			children = (
				1265AB0727E443AB00E933CA /* Brandi_Assignment */,
				1265AB1E27E443AC00E933CA /* Brandi_AssignmentTests */,
				1265AB2827E443AC00E933CA /* Brandi_AssignmentUITests */,
				1265AB0627E443AB00E933CA /* Products */,
			);
			sourceTree = "<group>";
		};
		1265AB0627E443AB00E933CA /* Products */ = {
			isa = PBXGroup;
			children = (
				1265AB0527E443AB00E933CA /* Brandi_Assignment.app */,
				1265AB1B27E443AC00E933CA /* Brandi_AssignmentTests.xctest */,
				1265AB2527E443AC00E933CA /* Brandi_AssignmentUITests.xctest */,
			);
			name = Products;
			sourceTree = "<group>";
		};
		1265AB0727E443AB00E933CA /* Brandi_Assignment */ = {
			isa = PBXGroup;
			children = (
				1265AB5D27E47F3E00E933CA /* ViewController */,
				1265AB4D27E4724B00E933CA /* Networks */,
				1265AB4A27E471BC00E933CA /* Tools */,
				1265AB4527E4657E00E933CA /* ViewModel */,
				1265AB4427E4657800E933CA /* Model */,
				1265AB4327E4657200E933CA /* View */,
				1265AB0827E443AB00E933CA /* AppDelegate.swift */,
				1265AB0A27E443AB00E933CA /* SceneDelegate.swift */,
				1265AB1127E443AC00E933CA /* Assets.xcassets */,
				1265AB1327E443AC00E933CA /* LaunchScreen.storyboard */,
				1265AB1627E443AC00E933CA /* Info.plist */,
			);
			path = Brandi_Assignment;
			sourceTree = "<group>";
		};
		1265AB1E27E443AC00E933CA /* Brandi_AssignmentTests */ = {
			isa = PBXGroup;
			children = (
				1265AB1F27E443AC00E933CA /* Brandi_AssignmentTests.swift */,
			);
			path = Brandi_AssignmentTests;
			sourceTree = "<group>";
		};
		1265AB2827E443AC00E933CA /* Brandi_AssignmentUITests */ = {
			isa = PBXGroup;
			children = (
				1265AB2927E443AC00E933CA /* Brandi_AssignmentUITests.swift */,
				1265AB2B27E443AC00E933CA /* Brandi_AssignmentUITestsLaunchTests.swift */,
			);
			path = Brandi_AssignmentUITests;
			sourceTree = "<group>";
		};
		1265AB4327E4657200E933CA /* View */ = {
			isa = PBXGroup;
			children = (
				1265AB4727E4659C00E933CA /* Cells */,
				1265AB5927E47E4F00E933CA /* MainView.swift */,
			);
			path = View;
			sourceTree = "<group>";
		};
		1265AB4427E4657800E933CA /* Model */ = {
			isa = PBXGroup;
			children = (
			);
			path = Model;
			sourceTree = "<group>";
		};
		1265AB4527E4657E00E933CA /* ViewModel */ = {
			isa = PBXGroup;
			children = (
				1265AB5B27E47F1800E933CA /* SearchImageViewModel.swift */,
			);
			path = ViewModel;
			sourceTree = "<group>";
		};
		1265AB4727E4659C00E933CA /* Cells */ = {
			isa = PBXGroup;
			children = (
				1265AB4827E4670500E933CA /* ImageVIewCell.swift */,
			);
			path = Cells;
			sourceTree = "<group>";
		};
		1265AB4A27E471BC00E933CA /* Tools */ = {
			isa = PBXGroup;
			children = (
				1265AB4B27E471C400E933CA /* Constants.swift */,
			);
			path = Tools;
			sourceTree = "<group>";
		};
		1265AB4D27E4724B00E933CA /* Networks */ = {
			isa = PBXGroup;
			children = (
				1265AB4E27E4725900E933CA /* API */,
				1265AB5127E4727500E933CA /* EndPoint.swift */,
			);
			path = Networks;
			sourceTree = "<group>";
		};
		1265AB4E27E4725900E933CA /* API */ = {
			isa = PBXGroup;
			children = (
				1265AB4F27E4726700E933CA /* KakaoAPI.swift */,
			);
			path = API;
			sourceTree = "<group>";
		};
		1265AB5D27E47F3E00E933CA /* ViewController */ = {
			isa = PBXGroup;
			children = (
				1265AB0C27E443AB00E933CA /* ImageSearchViewController.swift */,
			);
			path = ViewController;
			sourceTree = "<group>";
		};
/* End PBXGroup section */

/* Begin PBXNativeTarget section */
		1265AB0427E443AB00E933CA /* Brandi_Assignment */ = {
			isa = PBXNativeTarget;
			buildConfigurationList = 1265AB2F27E443AC00E933CA /* Build configuration list for PBXNativeTarget "Brandi_Assignment" */;
			buildPhases = (
				1265AB0127E443AB00E933CA /* Sources */,
				1265AB0227E443AB00E933CA /* Frameworks */,
				1265AB0327E443AB00E933CA /* Resources */,
			);
			buildRules = (
			);
			dependencies = (
			);
			name = Brandi_Assignment;
			packageProductDependencies = (
				1265AB3927E443EB00E933CA /* ReactorKit */,
				1265AB3C27E443FA00E933CA /* SnapKit */,
				1265AB3F27E4441800E933CA /* RxCocoa */,
				1265AB4127E4441800E933CA /* RxSwift */,
				1265AB5427E4742C00E933CA /* RxAlamofire */,
				1265AB5727E4780600E933CA /* Alamofire */,
			);
			productName = Brandi_Assignment;
			productReference = 1265AB0527E443AB00E933CA /* Brandi_Assignment.app */;
			productType = "com.apple.product-type.application";
		};
		1265AB1A27E443AC00E933CA /* Brandi_AssignmentTests */ = {
			isa = PBXNativeTarget;
			buildConfigurationList = 1265AB3227E443AC00E933CA /* Build configuration list for PBXNativeTarget "Brandi_AssignmentTests" */;
			buildPhases = (
				1265AB1727E443AC00E933CA /* Sources */,
				1265AB1827E443AC00E933CA /* Frameworks */,
				1265AB1927E443AC00E933CA /* Resources */,
			);
			buildRules = (
			);
			dependencies = (
				1265AB1D27E443AC00E933CA /* PBXTargetDependency */,
			);
			name = Brandi_AssignmentTests;
			productName = Brandi_AssignmentTests;
			productReference = 1265AB1B27E443AC00E933CA /* Brandi_AssignmentTests.xctest */;
			productType = "com.apple.product-type.bundle.unit-test";
		};
		1265AB2427E443AC00E933CA /* Brandi_AssignmentUITests */ = {
			isa = PBXNativeTarget;
			buildConfigurationList = 1265AB3527E443AC00E933CA /* Build configuration list for PBXNativeTarget "Brandi_AssignmentUITests" */;
			buildPhases = (
				1265AB2127E443AC00E933CA /* Sources */,
				1265AB2227E443AC00E933CA /* Frameworks */,
				1265AB2327E443AC00E933CA /* Resources */,
			);
			buildRules = (
			);
			dependencies = (
				1265AB2727E443AC00E933CA /* PBXTargetDependency */,
			);
			name = Brandi_AssignmentUITests;
			productName = Brandi_AssignmentUITests;
			productReference = 1265AB2527E443AC00E933CA /* Brandi_AssignmentUITests.xctest */;
			productType = "com.apple.product-type.bundle.ui-testing";
		};
/* End PBXNativeTarget section */

/* Begin PBXProject section */
		1265AAFD27E443AB00E933CA /* Project object */ = {
			isa = PBXProject;
			attributes = {
				BuildIndependentTargetsInParallel = 1;
				LastSwiftUpdateCheck = 1320;
				LastUpgradeCheck = 1320;
				TargetAttributes = {
					1265AB0427E443AB00E933CA = {
						CreatedOnToolsVersion = 13.2;
					};
					1265AB1A27E443AC00E933CA = {
						CreatedOnToolsVersion = 13.2;
						TestTargetID = 1265AB0427E443AB00E933CA;
					};
					1265AB2427E443AC00E933CA = {
						CreatedOnToolsVersion = 13.2;
						TestTargetID = 1265AB0427E443AB00E933CA;
					};
				};
			};
			buildConfigurationList = 1265AB0027E443AB00E933CA /* Build configuration list for PBXProject "Brandi_Assignment" */;
			compatibilityVersion = "Xcode 13.0";
			developmentRegion = en;
			hasScannedForEncodings = 0;
			knownRegions = (
				en,
				Base,
			);
			mainGroup = 1265AAFC27E443AB00E933CA;
			packageReferences = (
				1265AB3827E443EB00E933CA /* XCRemoteSwiftPackageReference "ReactorKit" */,
				1265AB3B27E443FA00E933CA /* XCRemoteSwiftPackageReference "SnapKit" */,
				1265AB3E27E4441800E933CA /* XCRemoteSwiftPackageReference "RxSwift" */,
				1265AB5327E4742C00E933CA /* XCRemoteSwiftPackageReference "RxAlamofire" */,
				1265AB5627E4780600E933CA /* XCRemoteSwiftPackageReference "Alamofire" */,
			);
			productRefGroup = 1265AB0627E443AB00E933CA /* Products */;
			projectDirPath = "";
			projectRoot = "";
			targets = (
				1265AB0427E443AB00E933CA /* Brandi_Assignment */,
				1265AB1A27E443AC00E933CA /* Brandi_AssignmentTests */,
				1265AB2427E443AC00E933CA /* Brandi_AssignmentUITests */,
			);
		};
/* End PBXProject section */

/* Begin PBXResourcesBuildPhase section */
		1265AB0327E443AB00E933CA /* Resources */ = {
			isa = PBXResourcesBuildPhase;
			buildActionMask = 2147483647;
			files = (
				1265AB1527E443AC00E933CA /* LaunchScreen.storyboard in Resources */,
				1265AB1227E443AC00E933CA /* Assets.xcassets in Resources */,
			);
			runOnlyForDeploymentPostprocessing = 0;
		};
		1265AB1927E443AC00E933CA /* Resources */ = {
			isa = PBXResourcesBuildPhase;
			buildActionMask = 2147483647;
			files = (
			);
			runOnlyForDeploymentPostprocessing = 0;
		};
		1265AB2327E443AC00E933CA /* Resources */ = {
			isa = PBXResourcesBuildPhase;
			buildActionMask = 2147483647;
			files = (
			);
			runOnlyForDeploymentPostprocessing = 0;
		};
/* End PBXResourcesBuildPhase section */

/* Begin PBXSourcesBuildPhase section */
		1265AB0127E443AB00E933CA /* Sources */ = {
			isa = PBXSourcesBuildPhase;
			buildActionMask = 2147483647;
			files = (
				1265AB5027E4726700E933CA /* KakaoAPI.swift in Sources */,
				1265AB5A27E47E4F00E933CA /* MainView.swift in Sources */,
				1265AB4C27E471C400E933CA /* Constants.swift in Sources */,
				1265AB5C27E47F1800E933CA /* SearchImageViewModel.swift in Sources */,
				1265AB4927E4670500E933CA /* ImageVIewCell.swift in Sources */,
				1265AB0D27E443AB00E933CA /* ImageSearchViewController.swift in Sources */,
				1265AB0927E443AB00E933CA /* AppDelegate.swift in Sources */,
				1265AB5227E4727500E933CA /* EndPoint.swift in Sources */,
				1265AB0B27E443AB00E933CA /* SceneDelegate.swift in Sources */,
			);
			runOnlyForDeploymentPostprocessing = 0;
		};
		1265AB1727E443AC00E933CA /* Sources */ = {
			isa = PBXSourcesBuildPhase;
			buildActionMask = 2147483647;
			files = (
				1265AB2027E443AC00E933CA /* Brandi_AssignmentTests.swift in Sources */,
			);
			runOnlyForDeploymentPostprocessing = 0;
		};
		1265AB2127E443AC00E933CA /* Sources */ = {
			isa = PBXSourcesBuildPhase;
			buildActionMask = 2147483647;
			files = (
				1265AB2A27E443AC00E933CA /* Brandi_AssignmentUITests.swift in Sources */,
				1265AB2C27E443AC00E933CA /* Brandi_AssignmentUITestsLaunchTests.swift in Sources */,
			);
			runOnlyForDeploymentPostprocessing = 0;
		};
/* End PBXSourcesBuildPhase section */

/* Begin PBXTargetDependency section */
		1265AB1D27E443AC00E933CA /* PBXTargetDependency */ = {
			isa = PBXTargetDependency;
			target = 1265AB0427E443AB00E933CA /* Brandi_Assignment */;
			targetProxy = 1265AB1C27E443AC00E933CA /* PBXContainerItemProxy */;
		};
		1265AB2727E443AC00E933CA /* PBXTargetDependency */ = {
			isa = PBXTargetDependency;
			target = 1265AB0427E443AB00E933CA /* Brandi_Assignment */;
			targetProxy = 1265AB2627E443AC00E933CA /* PBXContainerItemProxy */;
		};
/* End PBXTargetDependency section */

/* Begin PBXVariantGroup section */
		1265AB1327E443AC00E933CA /* LaunchScreen.storyboard */ = {
			isa = PBXVariantGroup;
			children = (
				1265AB1427E443AC00E933CA /* Base */,
			);
			name = LaunchScreen.storyboard;
			sourceTree = "<group>";
		};
/* End PBXVariantGroup section */

/* Begin XCBuildConfiguration section */
		1265AB2D27E443AC00E933CA /* Debug */ = {
			isa = XCBuildConfiguration;
			buildSettings = {
				ALWAYS_SEARCH_USER_PATHS = NO;
				CLANG_ANALYZER_NONNULL = YES;
				CLANG_ANALYZER_NUMBER_OBJECT_CONVERSION = YES_AGGRESSIVE;
				CLANG_CXX_LANGUAGE_STANDARD = "gnu++17";
				CLANG_CXX_LIBRARY = "libc++";
				CLANG_ENABLE_MODULES = YES;
				CLANG_ENABLE_OBJC_ARC = YES;
				CLANG_ENABLE_OBJC_WEAK = YES;
				CLANG_WARN_BLOCK_CAPTURE_AUTORELEASING = YES;
				CLANG_WARN_BOOL_CONVERSION = YES;
				CLANG_WARN_COMMA = YES;
				CLANG_WARN_CONSTANT_CONVERSION = YES;
				CLANG_WARN_DEPRECATED_OBJC_IMPLEMENTATIONS = YES;
				CLANG_WARN_DIRECT_OBJC_ISA_USAGE = YES_ERROR;
				CLANG_WARN_DOCUMENTATION_COMMENTS = YES;
				CLANG_WARN_EMPTY_BODY = YES;
				CLANG_WARN_ENUM_CONVERSION = YES;
				CLANG_WARN_INFINITE_RECURSION = YES;
				CLANG_WARN_INT_CONVERSION = YES;
				CLANG_WARN_NON_LITERAL_NULL_CONVERSION = YES;
				CLANG_WARN_OBJC_IMPLICIT_RETAIN_SELF = YES;
				CLANG_WARN_OBJC_LITERAL_CONVERSION = YES;
				CLANG_WARN_OBJC_ROOT_CLASS = YES_ERROR;
				CLANG_WARN_QUOTED_INCLUDE_IN_FRAMEWORK_HEADER = YES;
				CLANG_WARN_RANGE_LOOP_ANALYSIS = YES;
				CLANG_WARN_STRICT_PROTOTYPES = YES;
				CLANG_WARN_SUSPICIOUS_MOVE = YES;
				CLANG_WARN_UNGUARDED_AVAILABILITY = YES_AGGRESSIVE;
				CLANG_WARN_UNREACHABLE_CODE = YES;
				CLANG_WARN__DUPLICATE_METHOD_MATCH = YES;
				COPY_PHASE_STRIP = NO;
				DEBUG_INFORMATION_FORMAT = dwarf;
				ENABLE_STRICT_OBJC_MSGSEND = YES;
				ENABLE_TESTABILITY = YES;
				GCC_C_LANGUAGE_STANDARD = gnu11;
				GCC_DYNAMIC_NO_PIC = NO;
				GCC_NO_COMMON_BLOCKS = YES;
				GCC_OPTIMIZATION_LEVEL = 0;
				GCC_PREPROCESSOR_DEFINITIONS = (
					"DEBUG=1",
					"$(inherited)",
				);
				GCC_WARN_64_TO_32_BIT_CONVERSION = YES;
				GCC_WARN_ABOUT_RETURN_TYPE = YES_ERROR;
				GCC_WARN_UNDECLARED_SELECTOR = YES;
				GCC_WARN_UNINITIALIZED_AUTOS = YES_AGGRESSIVE;
				GCC_WARN_UNUSED_FUNCTION = YES;
				GCC_WARN_UNUSED_VARIABLE = YES;
				IPHONEOS_DEPLOYMENT_TARGET = 13.0;
				MTL_ENABLE_DEBUG_INFO = INCLUDE_SOURCE;
				MTL_FAST_MATH = YES;
				ONLY_ACTIVE_ARCH = YES;
				SDKROOT = iphoneos;
				SWIFT_ACTIVE_COMPILATION_CONDITIONS = DEBUG;
				SWIFT_OPTIMIZATION_LEVEL = "-Onone";
			};
			name = Debug;
		};
		1265AB2E27E443AC00E933CA /* Release */ = {
			isa = XCBuildConfiguration;
			buildSettings = {
				ALWAYS_SEARCH_USER_PATHS = NO;
				CLANG_ANALYZER_NONNULL = YES;
				CLANG_ANALYZER_NUMBER_OBJECT_CONVERSION = YES_AGGRESSIVE;
				CLANG_CXX_LANGUAGE_STANDARD = "gnu++17";
				CLANG_CXX_LIBRARY = "libc++";
				CLANG_ENABLE_MODULES = YES;
				CLANG_ENABLE_OBJC_ARC = YES;
				CLANG_ENABLE_OBJC_WEAK = YES;
				CLANG_WARN_BLOCK_CAPTURE_AUTORELEASING = YES;
				CLANG_WARN_BOOL_CONVERSION = YES;
				CLANG_WARN_COMMA = YES;
				CLANG_WARN_CONSTANT_CONVERSION = YES;
				CLANG_WARN_DEPRECATED_OBJC_IMPLEMENTATIONS = YES;
				CLANG_WARN_DIRECT_OBJC_ISA_USAGE = YES_ERROR;
				CLANG_WARN_DOCUMENTATION_COMMENTS = YES;
				CLANG_WARN_EMPTY_BODY = YES;
				CLANG_WARN_ENUM_CONVERSION = YES;
				CLANG_WARN_INFINITE_RECURSION = YES;
				CLANG_WARN_INT_CONVERSION = YES;
				CLANG_WARN_NON_LITERAL_NULL_CONVERSION = YES;
				CLANG_WARN_OBJC_IMPLICIT_RETAIN_SELF = YES;
				CLANG_WARN_OBJC_LITERAL_CONVERSION = YES;
				CLANG_WARN_OBJC_ROOT_CLASS = YES_ERROR;
				CLANG_WARN_QUOTED_INCLUDE_IN_FRAMEWORK_HEADER = YES;
				CLANG_WARN_RANGE_LOOP_ANALYSIS = YES;
				CLANG_WARN_STRICT_PROTOTYPES = YES;
				CLANG_WARN_SUSPICIOUS_MOVE = YES;
				CLANG_WARN_UNGUARDED_AVAILABILITY = YES_AGGRESSIVE;
				CLANG_WARN_UNREACHABLE_CODE = YES;
				CLANG_WARN__DUPLICATE_METHOD_MATCH = YES;
				COPY_PHASE_STRIP = NO;
				DEBUG_INFORMATION_FORMAT = "dwarf-with-dsym";
				ENABLE_NS_ASSERTIONS = NO;
				ENABLE_STRICT_OBJC_MSGSEND = YES;
				GCC_C_LANGUAGE_STANDARD = gnu11;
				GCC_NO_COMMON_BLOCKS = YES;
				GCC_WARN_64_TO_32_BIT_CONVERSION = YES;
				GCC_WARN_ABOUT_RETURN_TYPE = YES_ERROR;
				GCC_WARN_UNDECLARED_SELECTOR = YES;
				GCC_WARN_UNINITIALIZED_AUTOS = YES_AGGRESSIVE;
				GCC_WARN_UNUSED_FUNCTION = YES;
				GCC_WARN_UNUSED_VARIABLE = YES;
				IPHONEOS_DEPLOYMENT_TARGET = 13.0;
				MTL_ENABLE_DEBUG_INFO = NO;
				MTL_FAST_MATH = YES;
				SDKROOT = iphoneos;
				SWIFT_COMPILATION_MODE = wholemodule;
				SWIFT_OPTIMIZATION_LEVEL = "-O";
				VALIDATE_PRODUCT = YES;
			};
			name = Release;
		};
		1265AB3027E443AC00E933CA /* Debug */ = {
			isa = XCBuildConfiguration;
			buildSettings = {
				ASSETCATALOG_COMPILER_APPICON_NAME = AppIcon;
				ASSETCATALOG_COMPILER_GLOBAL_ACCENT_COLOR_NAME = AccentColor;
				CODE_SIGN_STYLE = Automatic;
				CURRENT_PROJECT_VERSION = 1;
				DEVELOPMENT_TEAM = QUVU2PY6PG;
				GENERATE_INFOPLIST_FILE = YES;
				INFOPLIST_FILE = Brandi_Assignment/Info.plist;
				INFOPLIST_KEY_UIApplicationSupportsIndirectInputEvents = YES;
				INFOPLIST_KEY_UILaunchStoryboardName = LaunchScreen;
				INFOPLIST_KEY_UISupportedInterfaceOrientations = UIInterfaceOrientationPortrait;
				INFOPLIST_KEY_UISupportedInterfaceOrientations_iPad = "UIInterfaceOrientationPortrait UIInterfaceOrientationPortraitUpsideDown UIInterfaceOrientationLandscapeLeft UIInterfaceOrientationLandscapeRight";
				INFOPLIST_KEY_UISupportedInterfaceOrientations_iPhone = "UIInterfaceOrientationPortrait UIInterfaceOrientationLandscapeLeft UIInterfaceOrientationLandscapeRight";
				LD_RUNPATH_SEARCH_PATHS = (
					"$(inherited)",
					"@executable_path/Frameworks",
				);
				MARKETING_VERSION = 1.0;
				PRODUCT_BUNDLE_IDENTIFIER = "com.chan.Brandi-Assignment";
				PRODUCT_NAME = "$(TARGET_NAME)";
				SWIFT_EMIT_LOC_STRINGS = YES;
				SWIFT_VERSION = 5.0;
				TARGETED_DEVICE_FAMILY = 1;
			};
			name = Debug;
		};
		1265AB3127E443AC00E933CA /* Release */ = {
			isa = XCBuildConfiguration;
			buildSettings = {
				ASSETCATALOG_COMPILER_APPICON_NAME = AppIcon;
				ASSETCATALOG_COMPILER_GLOBAL_ACCENT_COLOR_NAME = AccentColor;
				CODE_SIGN_STYLE = Automatic;
				CURRENT_PROJECT_VERSION = 1;
				DEVELOPMENT_TEAM = QUVU2PY6PG;
				GENERATE_INFOPLIST_FILE = YES;
				INFOPLIST_FILE = Brandi_Assignment/Info.plist;
				INFOPLIST_KEY_UIApplicationSupportsIndirectInputEvents = YES;
				INFOPLIST_KEY_UILaunchStoryboardName = LaunchScreen;
				INFOPLIST_KEY_UISupportedInterfaceOrientations = UIInterfaceOrientationPortrait;
				INFOPLIST_KEY_UISupportedInterfaceOrientations_iPad = "UIInterfaceOrientationPortrait UIInterfaceOrientationPortraitUpsideDown UIInterfaceOrientationLandscapeLeft UIInterfaceOrientationLandscapeRight";
				INFOPLIST_KEY_UISupportedInterfaceOrientations_iPhone = "UIInterfaceOrientationPortrait UIInterfaceOrientationLandscapeLeft UIInterfaceOrientationLandscapeRight";
				LD_RUNPATH_SEARCH_PATHS = (
					"$(inherited)",
					"@executable_path/Frameworks",
				);
				MARKETING_VERSION = 1.0;
				PRODUCT_BUNDLE_IDENTIFIER = "com.chan.Brandi-Assignment";
				PRODUCT_NAME = "$(TARGET_NAME)";
				SWIFT_EMIT_LOC_STRINGS = YES;
				SWIFT_VERSION = 5.0;
				TARGETED_DEVICE_FAMILY = 1;
			};
			name = Release;
		};
		1265AB3327E443AC00E933CA /* Debug */ = {
			isa = XCBuildConfiguration;
			buildSettings = {
				ALWAYS_EMBED_SWIFT_STANDARD_LIBRARIES = YES;
				BUNDLE_LOADER = "$(TEST_HOST)";
				CODE_SIGN_STYLE = Automatic;
				CURRENT_PROJECT_VERSION = 1;
				DEVELOPMENT_TEAM = QUVU2PY6PG;
				GENERATE_INFOPLIST_FILE = YES;
				IPHONEOS_DEPLOYMENT_TARGET = 15.2;
				MARKETING_VERSION = 1.0;
				PRODUCT_BUNDLE_IDENTIFIER = "com.chan.Brandi-AssignmentTests";
				PRODUCT_NAME = "$(TARGET_NAME)";
				SWIFT_EMIT_LOC_STRINGS = NO;
				SWIFT_VERSION = 5.0;
				TARGETED_DEVICE_FAMILY = "1,2";
				TEST_HOST = "$(BUILT_PRODUCTS_DIR)/Brandi_Assignment.app/Brandi_Assignment";
			};
			name = Debug;
		};
		1265AB3427E443AC00E933CA /* Release */ = {
			isa = XCBuildConfiguration;
			buildSettings = {
				ALWAYS_EMBED_SWIFT_STANDARD_LIBRARIES = YES;
				BUNDLE_LOADER = "$(TEST_HOST)";
				CODE_SIGN_STYLE = Automatic;
				CURRENT_PROJECT_VERSION = 1;
				DEVELOPMENT_TEAM = QUVU2PY6PG;
				GENERATE_INFOPLIST_FILE = YES;
				IPHONEOS_DEPLOYMENT_TARGET = 15.2;
				MARKETING_VERSION = 1.0;
				PRODUCT_BUNDLE_IDENTIFIER = "com.chan.Brandi-AssignmentTests";
				PRODUCT_NAME = "$(TARGET_NAME)";
				SWIFT_EMIT_LOC_STRINGS = NO;
				SWIFT_VERSION = 5.0;
				TARGETED_DEVICE_FAMILY = "1,2";
				TEST_HOST = "$(BUILT_PRODUCTS_DIR)/Brandi_Assignment.app/Brandi_Assignment";
			};
			name = Release;
		};
		1265AB3627E443AC00E933CA /* Debug */ = {
			isa = XCBuildConfiguration;
			buildSettings = {
				ALWAYS_EMBED_SWIFT_STANDARD_LIBRARIES = YES;
				CODE_SIGN_STYLE = Automatic;
				CURRENT_PROJECT_VERSION = 1;
				DEVELOPMENT_TEAM = QUVU2PY6PG;
				GENERATE_INFOPLIST_FILE = YES;
				MARKETING_VERSION = 1.0;
				PRODUCT_BUNDLE_IDENTIFIER = "com.chan.Brandi-AssignmentUITests";
				PRODUCT_NAME = "$(TARGET_NAME)";
				SWIFT_EMIT_LOC_STRINGS = NO;
				SWIFT_VERSION = 5.0;
				TARGETED_DEVICE_FAMILY = "1,2";
				TEST_TARGET_NAME = Brandi_Assignment;
			};
			name = Debug;
		};
		1265AB3727E443AC00E933CA /* Release */ = {
			isa = XCBuildConfiguration;
			buildSettings = {
				ALWAYS_EMBED_SWIFT_STANDARD_LIBRARIES = YES;
				CODE_SIGN_STYLE = Automatic;
				CURRENT_PROJECT_VERSION = 1;
				DEVELOPMENT_TEAM = QUVU2PY6PG;
				GENERATE_INFOPLIST_FILE = YES;
				MARKETING_VERSION = 1.0;
				PRODUCT_BUNDLE_IDENTIFIER = "com.chan.Brandi-AssignmentUITests";
				PRODUCT_NAME = "$(TARGET_NAME)";
				SWIFT_EMIT_LOC_STRINGS = NO;
				SWIFT_VERSION = 5.0;
				TARGETED_DEVICE_FAMILY = "1,2";
				TEST_TARGET_NAME = Brandi_Assignment;
			};
			name = Release;
		};
/* End XCBuildConfiguration section */

/* Begin XCConfigurationList section */
		1265AB0027E443AB00E933CA /* Build configuration list for PBXProject "Brandi_Assignment" */ = {
			isa = XCConfigurationList;
			buildConfigurations = (
				1265AB2D27E443AC00E933CA /* Debug */,
				1265AB2E27E443AC00E933CA /* Release */,
			);
			defaultConfigurationIsVisible = 0;
			defaultConfigurationName = Release;
		};
		1265AB2F27E443AC00E933CA /* Build configuration list for PBXNativeTarget "Brandi_Assignment" */ = {
			isa = XCConfigurationList;
			buildConfigurations = (
				1265AB3027E443AC00E933CA /* Debug */,
				1265AB3127E443AC00E933CA /* Release */,
			);
			defaultConfigurationIsVisible = 0;
			defaultConfigurationName = Release;
		};
		1265AB3227E443AC00E933CA /* Build configuration list for PBXNativeTarget "Brandi_AssignmentTests" */ = {
			isa = XCConfigurationList;
			buildConfigurations = (
				1265AB3327E443AC00E933CA /* Debug */,
				1265AB3427E443AC00E933CA /* Release */,
			);
			defaultConfigurationIsVisible = 0;
			defaultConfigurationName = Release;
		};
		1265AB3527E443AC00E933CA /* Build configuration list for PBXNativeTarget "Brandi_AssignmentUITests" */ = {
			isa = XCConfigurationList;
			buildConfigurations = (
				1265AB3627E443AC00E933CA /* Debug */,
				1265AB3727E443AC00E933CA /* Release */,
			);
			defaultConfigurationIsVisible = 0;
			defaultConfigurationName = Release;
		};
/* End XCConfigurationList section */

/* Begin XCRemoteSwiftPackageReference section */
		1265AB3827E443EB00E933CA /* XCRemoteSwiftPackageReference "ReactorKit" */ = {
			isa = XCRemoteSwiftPackageReference;
			repositoryURL = "https://github.com/ReactorKit/ReactorKit.git";
			requirement = {
				kind = upToNextMajorVersion;
				minimumVersion = 3.0.0;
			};
		};
		1265AB3B27E443FA00E933CA /* XCRemoteSwiftPackageReference "SnapKit" */ = {
			isa = XCRemoteSwiftPackageReference;
			repositoryURL = "https://github.com/SnapKit/SnapKit.git";
			requirement = {
				branch = develop;
				kind = branch;
			};
		};
		1265AB3E27E4441800E933CA /* XCRemoteSwiftPackageReference "RxSwift" */ = {
			isa = XCRemoteSwiftPackageReference;
			repositoryURL = "https://github.com/ReactiveX/RxSwift";
			requirement = {
				kind = upToNextMajorVersion;
				minimumVersion = 6.0.0;
			};
		};
		1265AB5327E4742C00E933CA /* XCRemoteSwiftPackageReference "RxAlamofire" */ = {
			isa = XCRemoteSwiftPackageReference;
			repositoryURL = "https://github.com/RxSwiftCommunity/RxAlamofire.git";
			requirement = {
				branch = main;
				kind = branch;
			};
		};
		1265AB5627E4780600E933CA /* XCRemoteSwiftPackageReference "Alamofire" */ = {
			isa = XCRemoteSwiftPackageReference;
			repositoryURL = "https://github.com/Alamofire/Alamofire.git";
			requirement = {
				branch = master;
				kind = branch;
			};
		};
/* End XCRemoteSwiftPackageReference section */

/* Begin XCSwiftPackageProductDependency section */
		1265AB3927E443EB00E933CA /* ReactorKit */ = {
			isa = XCSwiftPackageProductDependency;
			package = 1265AB3827E443EB00E933CA /* XCRemoteSwiftPackageReference "ReactorKit" */;
			productName = ReactorKit;
		};
		1265AB3C27E443FA00E933CA /* SnapKit */ = {
			isa = XCSwiftPackageProductDependency;
			package = 1265AB3B27E443FA00E933CA /* XCRemoteSwiftPackageReference "SnapKit" */;
			productName = SnapKit;
		};
		1265AB3F27E4441800E933CA /* RxCocoa */ = {
			isa = XCSwiftPackageProductDependency;
			package = 1265AB3E27E4441800E933CA /* XCRemoteSwiftPackageReference "RxSwift" */;
			productName = RxCocoa;
		};
		1265AB4127E4441800E933CA /* RxSwift */ = {
			isa = XCSwiftPackageProductDependency;
			package = 1265AB3E27E4441800E933CA /* XCRemoteSwiftPackageReference "RxSwift" */;
			productName = RxSwift;
		};
		1265AB5427E4742C00E933CA /* RxAlamofire */ = {
			isa = XCSwiftPackageProductDependency;
			package = 1265AB5327E4742C00E933CA /* XCRemoteSwiftPackageReference "RxAlamofire" */;
			productName = RxAlamofire;
		};
		1265AB5727E4780600E933CA /* Alamofire */ = {
			isa = XCSwiftPackageProductDependency;
			package = 1265AB5627E4780600E933CA /* XCRemoteSwiftPackageReference "Alamofire" */;
			productName = Alamofire;
		};
/* End XCSwiftPackageProductDependency section */
	};
	rootObject = 1265AAFD27E443AB00E933CA /* Project object */;
}
